# This file is automatically @generated by Poetry 2.1.2 and should not be changed by hand.

[[package]]
name = "pycurl"
version = "7.45.7"
description = "PycURL -- A Python Interface To The cURL library"
optional = false
python-versions = ">=3.5"
groups = ["main"]
files = [
    {file = "pycurl-7.45.7-cp310-cp310-macosx_10_9_x86_64.whl", hash = "sha256:c21c3262244f7b2af27636bc1052cb861a70df933b8bc188a7fb8fe3c895b608"},
    {file = "pycurl-7.45.7-cp310-cp310-macosx_11_0_arm64.whl", hash = "sha256:9903eabe2578143487d2387947d28323e12df49e142ffb0e3b5709fc6c942c47"},
    {file = "pycurl-7.45.7-cp310-cp310-manylinux_2_28_aarch64.whl", hash = "sha256:fb97f8f3f7754a5a00da450248de79d83e34938db04486efd26db81526dc25b4"},
    {file = "pycurl-7.45.7-cp310-cp310-manylinux_2_28_x86_64.whl", hash = "sha256:26fcc5b982fdc7c49ab9dd84910e986ef2631f1b57e02ecefd5393366f7acbe6"},
    {file = "pycurl-7.45.7-cp310-cp310-win32.whl", hash = "sha256:38492a48bd51252b70d6008b2f38a62b8ddb55ed7d4c905717eca290c94ef125"},
    {file = "pycurl-7.45.7-cp310-cp310-win_amd64.whl", hash = "sha256:2101c343f425545d8329004971d3549a1c553fb2b027c23ddfffebdd7b3fb309"},
    {file = "pycurl-7.45.7-cp311-cp311-macosx_10_9_x86_64.whl", hash = "sha256:f17264adc95a7f92a148d17c55eee885da640cbd98cf9169e643029d79bb18c7"},
    {file = "pycurl-7.45.7-cp311-cp311-macosx_11_0_arm64.whl", hash = "sha256:0bcfeaf766372ec40e3830d4ad6ebc3064e8a0bd145214d4291d17ed6017f3e3"},
    {file = "pycurl-7.45.7-cp311-cp311-manylinux_2_28_aarch64.whl", hash = "sha256:788df7ab964f03894c616e742e088f1bf209a54465f61541ba77901a9e1cd701"},
    {file = "pycurl-7.45.7-cp311-cp311-manylinux_2_28_x86_64.whl", hash = "sha256:3d19b4a94c2e20976cbc7773e5398bae19e3bc65a0894fcd01d8477bfc5fdb2f"},
    {file = "pycurl-7.45.7-cp311-cp311-win32.whl", hash = "sha256:d5d7bc6e01d74548e93d5b9b3e38c3a91b6f54a36f2fe13407cac035b57f0c1f"},
    {file = "pycurl-7.45.7-cp311-cp311-win_amd64.whl", hash = "sha256:94a3c02381b62b2f0498f4ea3a3bd8b96ae2a6a905fcfd198547805894793a5b"},
    {file = "pycurl-7.45.7-cp312-cp312-macosx_10_13_x86_64.whl", hash = "sha256:cd69340f5a49d6e4f67723db6ea4459c554d2210c3dd4da99950d6d405ddafb4"},
    {file = "pycurl-7.45.7-cp312-cp312-macosx_11_0_arm64.whl", hash = "sha256:752a5bbbd1b148b61d69be718e2c1c89a1b16de27a21e6382d28c8d2a33e9bf1"},
    {file = "pycurl-7.45.7-cp312-cp312-manylinux_2_28_aarch64.whl", hash = "sha256:5fa5afd86d86e156051c7d7d6de34f6c03a7a64e4794ac0d72379bee8fcafafd"},
    {file = "pycurl-7.45.7-cp312-cp312-manylinux_2_28_x86_64.whl", hash = "sha256:f463a7f7c12b322b4f72af908f863b4da1f71dae344dd75f50d30c33ff0f197a"},
    {file = "pycurl-7.45.7-cp312-cp312-win32.whl", hash = "sha256:83c217e0c7aea28bbd9512e27fb6f9ef9b9f398dff57ebe223ecaa043bcd08fa"},
    {file = "pycurl-7.45.7-cp312-cp312-win_amd64.whl", hash = "sha256:150b1d2e98bcf760878b3891e6f2f937a4b2a90c559ffc6add65aeb5844bc66a"},
    {file = "pycurl-7.45.7-cp313-cp313-macosx_10_13_x86_64.whl", hash = "sha256:8d39cc233c7c3303072758b088ad7ccde0a5dcb30ce752f2f8a31428a07faac1"},
    {file = "pycurl-7.45.7-cp313-cp313-macosx_11_0_arm64.whl", hash = "sha256:824a785d01500da47fe6935dbadc4b0a14577405c25d01327a94717578dd2b1d"},
    {file = "pycurl-7.45.7-cp313-cp313-manylinux_2_28_aarch64.whl", hash = "sha256:998335e6b69691c097e3a74214901c71773e0a7a8d3d0cc87c60d6969eb8b584"},
    {file = "pycurl-7.45.7-cp313-cp313-manylinux_2_28_x86_64.whl", hash = "sha256:00824c3c64d5e935d0325e6a000bb0242622cd763d1e202c1a8df455bc58da58"},
    {file = "pycurl-7.45.7-cp313-cp313-win32.whl", hash = "sha256:bfe49668ba0a7fba183cf0e189bb8da515793da8f383d8d157ac8647143dc516"},
    {file = "pycurl-7.45.7-cp313-cp313-win_amd64.whl", hash = "sha256:3d9d718c366983bc65b149f0947f016929b4001f604f2523e6de5a49907f4474"},
    {file = "pycurl-7.45.7-cp314-cp314-macosx_10_13_x86_64.whl", hash = "sha256:6157ac0daf30ffc28446c54ebbd073c8c11b45cba9c45256619e218a07a31312"},
    {file = "pycurl-7.45.7-cp314-cp314-macosx_11_0_arm64.whl", hash = "sha256:09ac9a855273a77f7c6a72f05be430646c47a298d403a75876c2188ea5d77534"},
    {file = "pycurl-7.45.7-cp314-cp314-manylinux_2_28_aarch64.whl", hash = "sha256:0263e94d2ea3cd25b5fcf96527f521dc29b8a73a9b19e71223b6e2452f5cb35a"},
    {file = "pycurl-7.45.7-cp314-cp314-manylinux_2_28_x86_64.whl", hash = "sha256:54cffa56a5ead14915f1f0d3e8fabf6fcea3056a8e5f971fc1caebb9715bd9b1"},
    {file = "pycurl-7.45.7-cp314-cp314-win32.whl", hash = "sha256:09e426cf5e61e5b37c30903734204f75023baa6e4bfe574e037f12e53ec3f0ba"},
    {file = "pycurl-7.45.7-cp314-cp314-win_amd64.whl", hash = "sha256:8eab3a83670d83966c7a0df4fa02cf2272499966066bfaa810444c427cb653b0"},
    {file = "pycurl-7.45.7-cp314-cp314t-macosx_10_13_x86_64.whl", hash = "sha256:69f16d6709f3305da1043ee9edb5e1715212b75011779d58c4bd8fc9ad9fc88a"},
    {file = "pycurl-7.45.7-cp314-cp314t-macosx_11_0_arm64.whl", hash = "sha256:435f140afa59eb0cece57e6364348977af768add452d49a8547a26fc90dc2bfa"},
    {file = "pycurl-7.45.7-cp314-cp314t-manylinux_2_28_aarch64.whl", hash = "sha256:ff50a3d787c3d059f330d7cb7325b40416bcb0f43f5006b396a6e61871df0ebf"},
    {file = "pycurl-7.45.7-cp314-cp314t-manylinux_2_28_x86_64.whl", hash = "sha256:5ed0cab4e05558ba112111585ae2a85627ab48d6185547fc4ba8ec8e2cfecd0d"},
    {file = "pycurl-7.45.7-cp314-cp314t-win32.whl", hash = "sha256:e79f90c0af413933dedc79a1717f49076f08b32ff4a42776d6c38ba37125717e"},
    {file = "pycurl-7.45.7-cp314-cp314t-win_amd64.whl", hash = "sha256:bdb72c53445b1c09315940c81a14a3635dfde6710aea703976ce9617209830e7"},
    {file = "pycurl-7.45.7-cp39-cp39-macosx_10_9_x86_64.whl", hash = "sha256:3ff1afa5e0a0cb6d64703c476a106474bec335958d6d445b02a6be3da4c4acfb"},
    {file = "pycurl-7.45.7-cp39-cp39-macosx_11_0_arm64.whl", hash = "sha256:5e39d6503d5a62dcd73f5de40042b20111f829fea0057fed95f38f06f367b14c"},
    {file = "pycurl-7.45.7-cp39-cp39-manylinux_2_28_aarch64.whl", hash = "sha256:614eff94e9ef4b90540fdcc6d520fcf5f9b7560e8a1cdd5e8a3644f12cefbc74"},
    {file = "pycurl-7.45.7-cp39-cp39-manylinux_2_28_x86_64.whl", hash = "sha256:255cd5510bf6dc82bf00e08711e3d8f0ed317ef5fa2f70d70d15192bdfe48593"},
    {file = "pycurl-7.45.7-cp39-cp39-win32.whl", hash = "sha256:40c83986431e9e685d04f2a0c12efafbf7decfc358b3421aeaecec97458d9663"},
    {file = "pycurl-7.45.7-cp39-cp39-win_amd64.whl", hash = "sha256:87140865a8661cedcd2d057e43ddc3a7c6b2c5919e0f47a0aff111d125733951"},
    {file = "pycurl-7.45.7.tar.gz", hash = "sha256:9d43013002eab2fd6d0dcc671cd1e9149e2fc1c56d5e796fad94d076d6cb69ef"},
]

[metadata]
lock-version = "2.1"
python-versions = ">=3.13"
content-hash = "e7008c21609ce9ccb71fd90675b63dc59e841adef0fd510e0c0be0c693d1ba4c"
